
Microsoft Visual Studio Solution File, Format Version 12.00
# Visual Studio 15
VisualStudioVersion = 15.0.28307.421
MinimumVisualStudioVersion = 10.0.40219.1
Project("{8BC9CEB8-8B4A-11D0-8D11-00A0C91BC942}") = "Assembler Pepe-8", "Assembler Pepe-8.vcxproj", "{3C34CAD9-418C-49CF-B4C1-309731243E1F}"
EndProject
Global
	GlobalSection(SolutionConfigurationPlatforms) = preSolution
		Debug|x64 = Debug|x64
		Debug|x86 = Debug|x86
		Release|x64 = Release|x64
		Release|x86 = Release|x86
	EndGlobalSection
	GlobalSection(ProjectConfigurationPlatforms) = postSolution
		{3C34CAD9-418C-49CF-B4C1-309731243E1F}.Debug|x64.ActiveCfg = Debug|x64
		{3C34CAD9-418C-49CF-B4C1-309731243E1F}.Debug|x64.Build.0 = Debug|x64
		{3C34CAD9-418C-49CF-B4C1-309731243E1F}.Debug|x86.ActiveCfg = Debug|Win32
		{3C34CAD9-418C-49CF-B4C1-309731243E1F}.Debug|x86.Build.0 = Debug|Win32
		{3C34CAD9-418C-49CF-B4C1-309731243E1F}.Release|x64.ActiveCfg = Release|x64
		{3C34CAD9-418C-49CF-B4C1-309731243E1F}.Release|x64.Build.0 = Release|x64
		{3C34CAD9-418C-49CF-B4C1-309731243E1F}.Release|x86.ActiveCfg = Release|Win32
		{3C34CAD9-418C-49CF-B4C1-309731243E1F}.Release|x86.Build.0 = Release|Win32
	EndGlobalSection
	GlobalSection(SolutionProperties) = preSolution
		HideSolutionNode = FALSE
	EndGlobalSection
	GlobalSection(ExtensibilityGlobals) = postSolution
		SolutionGuid = {24985C5E-584C-4A7B-A6CC-14DE77272B41}
	EndGlobalSection
EndGlobal
